// !$*UTF8*$!
{
	archiveVersion = 1;
	classes = {
	};
	objectVersion = 51;
	objects = {

/* Begin PBXBuildFile section */
		B9D88B1EE5D0E8D89A337FFE /* Pods_FlixsterTests.framework in Frameworks */ = {isa = PBXBuildFile; fileRef = 6CD733F3EE4185C7576B36EB /* Pods_FlixsterTests.framework */; };
		BFB4CBD8ED028BC7880C0084 /* Pods_Flixster.framework in Frameworks */ = {isa = PBXBuildFile; fileRef = 1D58A5AE1C6B94C8C9A2DB77 /* Pods_Flixster.framework */; };
		D2541B01B2270175DA26BF27 /* Pods_Flixster_FlixsterUITests.framework in Frameworks */ = {isa = PBXBuildFile; fileRef = 418E61C302C82B4B9CB0D50B /* Pods_Flixster_FlixsterUITests.framework */; };
		DD4BE5E62363A8870023C921 /* MovieDetailsViewController.swift in Sources */ = {isa = PBXBuildFile; fileRef = DD4BE5E52363A8870023C921 /* MovieDetailsViewController.swift */; };
		DD4BE5E82363D9C40023C921 /* MovieGridViewController.swift in Sources */ = {isa = PBXBuildFile; fileRef = DD4BE5E72363D9C40023C921 /* MovieGridViewController.swift */; };
		DD4BE5EA2363DC440023C921 /* MovieGridCell.swift in Sources */ = {isa = PBXBuildFile; fileRef = DD4BE5E92363DC440023C921 /* MovieGridCell.swift */; };
		DDFDB91E235A4D6400271EEE /* AppDelegate.swift in Sources */ = {isa = PBXBuildFile; fileRef = DDFDB91D235A4D6400271EEE /* AppDelegate.swift */; };
		DDFDB920235A4D6400271EEE /* SceneDelegate.swift in Sources */ = {isa = PBXBuildFile; fileRef = DDFDB91F235A4D6400271EEE /* SceneDelegate.swift */; };
		DDFDB925235A4D6400271EEE /* Main.storyboard in Resources */ = {isa = PBXBuildFile; fileRef = DDFDB923235A4D6400271EEE /* Main.storyboard */; };
		DDFDB927235A4D6E00271EEE /* Assets.xcassets in Resources */ = {isa = PBXBuildFile; fileRef = DDFDB926235A4D6E00271EEE /* Assets.xcassets */; };
		DDFDB92A235A4D6E00271EEE /* LaunchScreen.storyboard in Resources */ = {isa = PBXBuildFile; fileRef = DDFDB928235A4D6E00271EEE /* LaunchScreen.storyboard */; };
		DDFDB935235A4D6E00271EEE /* FlixsterTests.swift in Sources */ = {isa = PBXBuildFile; fileRef = DDFDB934235A4D6E00271EEE /* FlixsterTests.swift */; };
		DDFDB940235A4D6E00271EEE /* FlixsterUITests.swift in Sources */ = {isa = PBXBuildFile; fileRef = DDFDB93F235A4D6E00271EEE /* FlixsterUITests.swift */; };
		DDFDB94E235A4F3500271EEE /* MoviesViewController.swift in Sources */ = {isa = PBXBuildFile; fileRef = DDFDB94D235A4F3500271EEE /* MoviesViewController.swift */; };
		DDFDB950235A5A1300271EEE /* MovieCell.swift in Sources */ = {isa = PBXBuildFile; fileRef = DDFDB94F235A5A1300271EEE /* MovieCell.swift */; };
/* End PBXBuildFile section */

/* Begin PBXContainerItemProxy section */
		DDFDB931235A4D6E00271EEE /* PBXContainerItemProxy */ = {
			isa = PBXContainerItemProxy;
			containerPortal = DDFDB912235A4D6400271EEE /* Project object */;
			proxyType = 1;
			remoteGlobalIDString = DDFDB919235A4D6400271EEE;
			remoteInfo = Flixster;
		};
		DDFDB93C235A4D6E00271EEE /* PBXContainerItemProxy */ = {
			isa = PBXContainerItemProxy;
			containerPortal = DDFDB912235A4D6400271EEE /* Project object */;
			proxyType = 1;
			remoteGlobalIDString = DDFDB919235A4D6400271EEE;
			remoteInfo = Flixster;
		};
/* End PBXContainerItemProxy section */

/* Begin PBXFileReference section */
		111AC7F745A89A779238F3D8 /* Pods-Flixster-FlixsterUITests.release.xcconfig */ = {isa = PBXFileReference; includeInIndex = 1; lastKnownFileType = text.xcconfig; name = "Pods-Flixster-FlixsterUITests.release.xcconfig"; path = "Target Support Files/Pods-Flixster-FlixsterUITests/Pods-Flixster-FlixsterUITests.release.xcconfig"; sourceTree = "<group>"; };
		1122DB667BED436D8F166D9A /* Pods-Flixster.debug.xcconfig */ = {isa = PBXFileReference; includeInIndex = 1; lastKnownFileType = text.xcconfig; name = "Pods-Flixster.debug.xcconfig"; path = "Target Support Files/Pods-Flixster/Pods-Flixster.debug.xcconfig"; sourceTree = "<group>"; };
		1D58A5AE1C6B94C8C9A2DB77 /* Pods_Flixster.framework */ = {isa = PBXFileReference; explicitFileType = wrapper.framework; includeInIndex = 0; path = Pods_Flixster.framework; sourceTree = BUILT_PRODUCTS_DIR; };
		2754E6FADB17FF1404F24CF0 /* Pods-Flixster-FlixsterUITests.debug.xcconfig */ = {isa = PBXFileReference; includeInIndex = 1; lastKnownFileType = text.xcconfig; name = "Pods-Flixster-FlixsterUITests.debug.xcconfig"; path = "Target Support Files/Pods-Flixster-FlixsterUITests/Pods-Flixster-FlixsterUITests.debug.xcconfig"; sourceTree = "<group>"; };
		3E823FDA1C5C45BB42CE6E44 /* Pods-Flixster.release.xcconfig */ = {isa = PBXFileReference; includeInIndex = 1; lastKnownFileType = text.xcconfig; name = "Pods-Flixster.release.xcconfig"; path = "Target Support Files/Pods-Flixster/Pods-Flixster.release.xcconfig"; sourceTree = "<group>"; };
		418E61C302C82B4B9CB0D50B /* Pods_Flixster_FlixsterUITests.framework */ = {isa = PBXFileReference; explicitFileType = wrapper.framework; includeInIndex = 0; path = Pods_Flixster_FlixsterUITests.framework; sourceTree = BUILT_PRODUCTS_DIR; };
		6CD733F3EE4185C7576B36EB /* Pods_FlixsterTests.framework */ = {isa = PBXFileReference; explicitFileType = wrapper.framework; includeInIndex = 0; path = Pods_FlixsterTests.framework; sourceTree = BUILT_PRODUCTS_DIR; };
		9536B50A0C334BB83B1A84BB /* Pods-FlixsterTests.release.xcconfig */ = {isa = PBXFileReference; includeInIndex = 1; lastKnownFileType = text.xcconfig; name = "Pods-FlixsterTests.release.xcconfig"; path = "Target Support Files/Pods-FlixsterTests/Pods-FlixsterTests.release.xcconfig"; sourceTree = "<group>"; };
		B63F96606FFAC191EBE62DF6 /* Pods-FlixsterTests.debug.xcconfig */ = {isa = PBXFileReference; includeInIndex = 1; lastKnownFileType = text.xcconfig; name = "Pods-FlixsterTests.debug.xcconfig"; path = "Target Support Files/Pods-FlixsterTests/Pods-FlixsterTests.debug.xcconfig"; sourceTree = "<group>"; };
		DD4BE5E52363A8870023C921 /* MovieDetailsViewController.swift */ = {isa = PBXFileReference; lastKnownFileType = sourcecode.swift; path = MovieDetailsViewController.swift; sourceTree = "<group>"; };
		DD4BE5E72363D9C40023C921 /* MovieGridViewController.swift */ = {isa = PBXFileReference; lastKnownFileType = sourcecode.swift; path = MovieGridViewController.swift; sourceTree = "<group>"; };
		DD4BE5E92363DC440023C921 /* MovieGridCell.swift */ = {isa = PBXFileReference; lastKnownFileType = sourcecode.swift; path = MovieGridCell.swift; sourceTree = "<group>"; };
		DDFDB91A235A4D6400271EEE /* Flixster.app */ = {isa = PBXFileReference; explicitFileType = wrapper.application; includeInIndex = 0; path = Flixster.app; sourceTree = BUILT_PRODUCTS_DIR; };
		DDFDB91D235A4D6400271EEE /* AppDelegate.swift */ = {isa = PBXFileReference; lastKnownFileType = sourcecode.swift; path = AppDelegate.swift; sourceTree = "<group>"; };
		DDFDB91F235A4D6400271EEE /* SceneDelegate.swift */ = {isa = PBXFileReference; lastKnownFileType = sourcecode.swift; path = SceneDelegate.swift; sourceTree = "<group>"; };
		DDFDB924235A4D6400271EEE /* Base */ = {isa = PBXFileReference; lastKnownFileType = file.storyboard; name = Base; path = Base.lproj/Main.storyboard; sourceTree = "<group>"; };
		DDFDB926235A4D6E00271EEE /* Assets.xcassets */ = {isa = PBXFileReference; lastKnownFileType = folder.assetcatalog; path = Assets.xcassets; sourceTree = "<group>"; };
		DDFDB929235A4D6E00271EEE /* Base */ = {isa = PBXFileReference; lastKnownFileType = file.storyboard; name = Base; path = Base.lproj/LaunchScreen.storyboard; sourceTree = "<group>"; };
		DDFDB92B235A4D6E00271EEE /* Info.plist */ = {isa = PBXFileReference; lastKnownFileType = text.plist.xml; path = Info.plist; sourceTree = "<group>"; };
		DDFDB930235A4D6E00271EEE /* FlixsterTests.xctest */ = {isa = PBXFileReference; explicitFileType = wrapper.cfbundle; includeInIndex = 0; path = FlixsterTests.xctest; sourceTree = BUILT_PRODUCTS_DIR; };
		DDFDB934235A4D6E00271EEE /* FlixsterTests.swift */ = {isa = PBXFileReference; lastKnownFileType = sourcecode.swift; path = FlixsterTests.swift; sourceTree = "<group>"; };
		DDFDB936235A4D6E00271EEE /* Info.plist */ = {isa = PBXFileReference; lastKnownFileType = text.plist.xml; path = Info.plist; sourceTree = "<group>"; };
		DDFDB93B235A4D6E00271EEE /* FlixsterUITests.xctest */ = {isa = PBXFileReference; explicitFileType = wrapper.cfbundle; includeInIndex = 0; path = FlixsterUITests.xctest; sourceTree = BUILT_PRODUCTS_DIR; };
		DDFDB93F235A4D6E00271EEE /* FlixsterUITests.swift */ = {isa = PBXFileReference; lastKnownFileType = sourcecode.swift; path = FlixsterUITests.swift; sourceTree = "<group>"; };
		DDFDB941235A4D6E00271EEE /* Info.plist */ = {isa = PBXFileReference; lastKnownFileType = text.plist.xml; path = Info.plist; sourceTree = "<group>"; };
		DDFDB94D235A4F3500271EEE /* MoviesViewController.swift */ = {isa = PBXFileReference; lastKnownFileType = sourcecode.swift; path = MoviesViewController.swift; sourceTree = "<group>"; };
		DDFDB94F235A5A1300271EEE /* MovieCell.swift */ = {isa = PBXFileReference; lastKnownFileType = sourcecode.swift; path = MovieCell.swift; sourceTree = "<group>"; };
/* End PBXFileReference section */

/* Begin PBXFrameworksBuildPhase section */
		DDFDB917235A4D6400271EEE /* Frameworks */ = {
			isa = PBXFrameworksBuildPhase;
			buildActionMask = 2147483647;
			files = (
				BFB4CBD8ED028BC7880C0084 /* Pods_Flixster.framework in Frameworks */,
			);
			runOnlyForDeploymentPostprocessing = 0;
		};
		DDFDB92D235A4D6E00271EEE /* Frameworks */ = {
			isa = PBXFrameworksBuildPhase;
			buildActionMask = 2147483647;
			files = (
				B9D88B1EE5D0E8D89A337FFE /* Pods_FlixsterTests.framework in Frameworks */,
			);
			runOnlyForDeploymentPostprocessing = 0;
		};
		DDFDB938235A4D6E00271EEE /* Frameworks */ = {
			isa = PBXFrameworksBuildPhase;
			buildActionMask = 2147483647;
			files = (
				D2541B01B2270175DA26BF27 /* Pods_Flixster_FlixsterUITests.framework in Frameworks */,
			);
			runOnlyForDeploymentPostprocessing = 0;
		};
/* End PBXFrameworksBuildPhase section */

/* Begin PBXGroup section */
		63496E6A9BA5E12BF6338C94 /* Frameworks */ = {
			isa = PBXGroup;
			children = (
				1D58A5AE1C6B94C8C9A2DB77 /* Pods_Flixster.framework */,
				418E61C302C82B4B9CB0D50B /* Pods_Flixster_FlixsterUITests.framework */,
				6CD733F3EE4185C7576B36EB /* Pods_FlixsterTests.framework */,
			);
			name = Frameworks;
			sourceTree = "<group>";
		};
		B1009F90BF6B6DAB1D5C7E55 /* Pods */ = {
			isa = PBXGroup;
			children = (
				1122DB667BED436D8F166D9A /* Pods-Flixster.debug.xcconfig */,
				3E823FDA1C5C45BB42CE6E44 /* Pods-Flixster.release.xcconfig */,
				2754E6FADB17FF1404F24CF0 /* Pods-Flixster-FlixsterUITests.debug.xcconfig */,
				111AC7F745A89A779238F3D8 /* Pods-Flixster-FlixsterUITests.release.xcconfig */,
				B63F96606FFAC191EBE62DF6 /* Pods-FlixsterTests.debug.xcconfig */,
				9536B50A0C334BB83B1A84BB /* Pods-FlixsterTests.release.xcconfig */,
			);
			path = Pods;
			sourceTree = "<group>";
		};
		DDFDB911235A4D6400271EEE = {
			isa = PBXGroup;
			children = (
				DDFDB91C235A4D6400271EEE /* Flixster */,
				DDFDB933235A4D6E00271EEE /* FlixsterTests */,
				DDFDB93E235A4D6E00271EEE /* FlixsterUITests */,
				DDFDB91B235A4D6400271EEE /* Products */,
				B1009F90BF6B6DAB1D5C7E55 /* Pods */,
				63496E6A9BA5E12BF6338C94 /* Frameworks */,
			);
			sourceTree = "<group>";
		};
		DDFDB91B235A4D6400271EEE /* Products */ = {
			isa = PBXGroup;
			children = (
				DDFDB91A235A4D6400271EEE /* Flixster.app */,
				DDFDB930235A4D6E00271EEE /* FlixsterTests.xctest */,
				DDFDB93B235A4D6E00271EEE /* FlixsterUITests.xctest */,
			);
			name = Products;
			sourceTree = "<group>";
		};
		DDFDB91C235A4D6400271EEE /* Flixster */ = {
			isa = PBXGroup;
			children = (
				DDFDB91D235A4D6400271EEE /* AppDelegate.swift */,
				DDFDB91F235A4D6400271EEE /* SceneDelegate.swift */,
				DDFDB923235A4D6400271EEE /* Main.storyboard */,
				DD4BE5E52363A8870023C921 /* MovieDetailsViewController.swift */,
				DDFDB926235A4D6E00271EEE /* Assets.xcassets */,
				DDFDB928235A4D6E00271EEE /* LaunchScreen.storyboard */,
				DDFDB92B235A4D6E00271EEE /* Info.plist */,
				DDFDB94D235A4F3500271EEE /* MoviesViewController.swift */,
				DDFDB94F235A5A1300271EEE /* MovieCell.swift */,
				DD4BE5E72363D9C40023C921 /* MovieGridViewController.swift */,
				DD4BE5E92363DC440023C921 /* MovieGridCell.swift */,
			);
			path = Flixster;
			sourceTree = "<group>";
		};
		DDFDB933235A4D6E00271EEE /* FlixsterTests */ = {
			isa = PBXGroup;
			children = (
				DDFDB934235A4D6E00271EEE /* FlixsterTests.swift */,
				DDFDB936235A4D6E00271EEE /* Info.plist */,
			);
			path = FlixsterTests;
			sourceTree = "<group>";
		};
		DDFDB93E235A4D6E00271EEE /* FlixsterUITests */ = {
			isa = PBXGroup;
			children = (
				DDFDB93F235A4D6E00271EEE /* FlixsterUITests.swift */,
				DDFDB941235A4D6E00271EEE /* Info.plist */,
			);
			path = FlixsterUITests;
			sourceTree = "<group>";
		};
/* End PBXGroup section */

/* Begin PBXNativeTarget section */
		DDFDB919235A4D6400271EEE /* Flixster */ = {
			isa = PBXNativeTarget;
			buildConfigurationList = DDFDB944235A4D6E00271EEE /* Build configuration list for PBXNativeTarget "Flixster" */;
			buildPhases = (
				D7C0A2DF10189A7194BBAD1A /* [CP] Check Pods Manifest.lock */,
				DDFDB916235A4D6400271EEE /* Sources */,
				DDFDB917235A4D6400271EEE /* Frameworks */,
				DDFDB918235A4D6400271EEE /* Resources */,
				5936B5CDAB1EA09FC1A405C2 /* [CP] Embed Pods Frameworks */,
			);
			buildRules = (
			);
			dependencies = (
			);
			name = Flixster;
			productName = Flixster;
			productReference = DDFDB91A235A4D6400271EEE /* Flixster.app */;
			productType = "com.apple.product-type.application";
		};
		DDFDB92F235A4D6E00271EEE /* FlixsterTests */ = {
			isa = PBXNativeTarget;
			buildConfigurationList = DDFDB947235A4D6E00271EEE /* Build configuration list for PBXNativeTarget "FlixsterTests" */;
			buildPhases = (
				7747D1ECED3950AF0D1B4293 /* [CP] Check Pods Manifest.lock */,
				DDFDB92C235A4D6E00271EEE /* Sources */,
				DDFDB92D235A4D6E00271EEE /* Frameworks */,
				DDFDB92E235A4D6E00271EEE /* Resources */,
			);
			buildRules = (
			);
			dependencies = (
				DDFDB932235A4D6E00271EEE /* PBXTargetDependency */,
			);
			name = FlixsterTests;
			productName = FlixsterTests;
			productReference = DDFDB930235A4D6E00271EEE /* FlixsterTests.xctest */;
			productType = "com.apple.product-type.bundle.unit-test";
		};
		DDFDB93A235A4D6E00271EEE /* FlixsterUITests */ = {
			isa = PBXNativeTarget;
			buildConfigurationList = DDFDB94A235A4D6E00271EEE /* Build configuration list for PBXNativeTarget "FlixsterUITests" */;
			buildPhases = (
				5E26AC76AAEB98F99761FE98 /* [CP] Check Pods Manifest.lock */,
				DDFDB937235A4D6E00271EEE /* Sources */,
				DDFDB938235A4D6E00271EEE /* Frameworks */,
				DDFDB939235A4D6E00271EEE /* Resources */,
				BFADB89A9663AF2E7C8052AC /* [CP] Embed Pods Frameworks */,
			);
			buildRules = (
			);
			dependencies = (
				DDFDB93D235A4D6E00271EEE /* PBXTargetDependency */,
			);
			name = FlixsterUITests;
			productName = FlixsterUITests;
			productReference = DDFDB93B235A4D6E00271EEE /* FlixsterUITests.xctest */;
			productType = "com.apple.product-type.bundle.ui-testing";
		};
/* End PBXNativeTarget section */

/* Begin PBXProject section */
		DDFDB912235A4D6400271EEE /* Project object */ = {
			isa = PBXProject;
			attributes = {
				LastSwiftUpdateCheck = 1110;
				LastUpgradeCheck = 1110;
				ORGANIZATIONNAME = "Jasmin Ramirez ";
				TargetAttributes = {
					DDFDB919235A4D6400271EEE = {
						CreatedOnToolsVersion = 11.1;
					};
					DDFDB92F235A4D6E00271EEE = {
						CreatedOnToolsVersion = 11.1;
						TestTargetID = DDFDB919235A4D6400271EEE;
					};
					DDFDB93A235A4D6E00271EEE = {
						CreatedOnToolsVersion = 11.1;
						TestTargetID = DDFDB919235A4D6400271EEE;
					};
				};
			};
			buildConfigurationList = DDFDB915235A4D6400271EEE /* Build configuration list for PBXProject "Flixster" */;
			compatibilityVersion = "Xcode 9.3";
			developmentRegion = en;
			hasScannedForEncodings = 0;
			knownRegions = (
				en,
				Base,
			);
			mainGroup = DDFDB911235A4D6400271EEE;
			productRefGroup = DDFDB91B235A4D6400271EEE /* Products */;
			projectDirPath = "";
			projectRoot = "";
			targets = (
				DDFDB919235A4D6400271EEE /* Flixster */,
				DDFDB92F235A4D6E00271EEE /* FlixsterTests */,
				DDFDB93A235A4D6E00271EEE /* FlixsterUITests */,
			);
		};
/* End PBXProject section */

/* Begin PBXResourcesBuildPhase section */
		DDFDB918235A4D6400271EEE /* Resources */ = {
			isa = PBXResourcesBuildPhase;
			buildActionMask = 2147483647;
			files = (
				DDFDB92A235A4D6E00271EEE /* LaunchScreen.storyboard in Resources */,
				DDFDB927235A4D6E00271EEE /* Assets.xcassets in Resources */,
				DDFDB925235A4D6400271EEE /* Main.storyboard in Resources */,
			);
			runOnlyForDeploymentPostprocessing = 0;
		};
		DDFDB92E235A4D6E00271EEE /* Resources */ = {
			isa = PBXResourcesBuildPhase;
			buildActionMask = 2147483647;
			files = (
			);
			runOnlyForDeploymentPostprocessing = 0;
		};
		DDFDB939235A4D6E00271EEE /* Resources */ = {
			isa = PBXResourcesBuildPhase;
			buildActionMask = 2147483647;
			files = (
			);
			runOnlyForDeploymentPostprocessing = 0;
		};
/* End PBXResourcesBuildPhase section */

/* Begin PBXShellScriptBuildPhase section */
		5936B5CDAB1EA09FC1A405C2 /* [CP] Embed Pods Frameworks */ = {
			isa = PBXShellScriptBuildPhase;
			buildActionMask = 2147483647;
			files = (
			);
			inputFileListPaths = (
				"${PODS_ROOT}/Target Support Files/Pods-Flixster/Pods-Flixster-frameworks-${CONFIGURATION}-input-files.xcfilelist",
			);
			name = "[CP] Embed Pods Frameworks";
			outputFileListPaths = (
				"${PODS_ROOT}/Target Support Files/Pods-Flixster/Pods-Flixster-frameworks-${CONFIGURATION}-output-files.xcfilelist",
			);
			runOnlyForDeploymentPostprocessing = 0;
			shellPath = /bin/sh;
			shellScript = "\"${PODS_ROOT}/Target Support Files/Pods-Flixster/Pods-Flixster-frameworks.sh\"\n";
			showEnvVarsInLog = 0;
		};
		5E26AC76AAEB98F99761FE98 /* [CP] Check Pods Manifest.lock */ = {
			isa = PBXShellScriptBuildPhase;
			buildActionMask = 2147483647;
			files = (
			);
			inputFileListPaths = (
			);
			inputPaths = (
				"${PODS_PODFILE_DIR_PATH}/Podfile.lock",
				"${PODS_ROOT}/Manifest.lock",
			);
			name = "[CP] Check Pods Manifest.lock";
			outputFileListPaths = (
			);
			outputPaths = (
				"$(DERIVED_FILE_DIR)/Pods-Flixster-FlixsterUITests-checkManifestLockResult.txt",
			);
			runOnlyForDeploymentPostprocessing = 0;
			shellPath = /bin/sh;
			shellScript = "diff \"${PODS_PODFILE_DIR_PATH}/Podfile.lock\" \"${PODS_ROOT}/Manifest.lock\" > /dev/null\nif [ $? != 0 ] ; then\n    # print error to STDERR\n    echo \"error: The sandbox is not in sync with the Podfile.lock. Run 'pod install' or update your CocoaPods installation.\" >&2\n    exit 1\nfi\n# This output is used by Xcode 'outputs' to avoid re-running this script phase.\necho \"SUCCESS\" > \"${SCRIPT_OUTPUT_FILE_0}\"\n";
			showEnvVarsInLog = 0;
		};
		7747D1ECED3950AF0D1B4293 /* [CP] Check Pods Manifest.lock */ = {
			isa = PBXShellScriptBuildPhase;
			buildActionMask = 2147483647;
			files = (
			);
			inputFileListPaths = (
			);
			inputPaths = (
				"${PODS_PODFILE_DIR_PATH}/Podfile.lock",
				"${PODS_ROOT}/Manifest.lock",
			);
			name = "[CP] Check Pods Manifest.lock";
			outputFileListPaths = (
			);
			outputPaths = (
				"$(DERIVED_FILE_DIR)/Pods-FlixsterTests-checkManifestLockResult.txt",
			);
			runOnlyForDeploymentPostprocessing = 0;
			shellPath = /bin/sh;
			shellScript = "diff \"${PODS_PODFILE_DIR_PATH}/Podfile.lock\" \"${PODS_ROOT}/Manifest.lock\" > /dev/null\nif [ $? != 0 ] ; then\n    # print error to STDERR\n    echo \"error: The sandbox is not in sync with the Podfile.lock. Run 'pod install' or update your CocoaPods installation.\" >&2\n    exit 1\nfi\n# This output is used by Xcode 'outputs' to avoid re-running this script phase.\necho \"SUCCESS\" > \"${SCRIPT_OUTPUT_FILE_0}\"\n";
			showEnvVarsInLog = 0;
		};
		BFADB89A9663AF2E7C8052AC /* [CP] Embed Pods Frameworks */ = {
			isa = PBXShellScriptBuildPhase;
			buildActionMask = 2147483647;
			files = (
			);
			inputFileListPaths = (
				"${PODS_ROOT}/Target Support Files/Pods-Flixster-FlixsterUITests/Pods-Flixster-FlixsterUITests-frameworks-${CONFIGURATION}-input-files.xcfilelist",
			);
			name = "[CP] Embed Pods Frameworks";
			outputFileListPaths = (
				"${PODS_ROOT}/Target Support Files/Pods-Flixster-FlixsterUITests/Pods-Flixster-FlixsterUITests-frameworks-${CONFIGURATION}-output-files.xcfilelist",
			);
			runOnlyForDeploymentPostprocessing = 0;
			shellPath = /bin/sh;
			shellScript = "\"${PODS_ROOT}/Target Support Files/Pods-Flixster-FlixsterUITests/Pods-Flixster-FlixsterUITests-frameworks.sh\"\n";
			showEnvVarsInLog = 0;
		};
		D7C0A2DF10189A7194BBAD1A /* [CP] Check Pods Manifest.lock */ = {
			isa = PBXShellScriptBuildPhase;
			buildActionMask = 2147483647;
			files = (
			);
			inputFileListPaths = (
			);
			inputPaths = (
				"${PODS_PODFILE_DIR_PATH}/Podfile.lock",
				"${PODS_ROOT}/Manifest.lock",
			);
			name = "[CP] Check Pods Manifest.lock";
			outputFileListPaths = (
			);
			outputPaths = (
				"$(DERIVED_FILE_DIR)/Pods-Flixster-checkManifestLockResult.txt",
			);
			runOnlyForDeploymentPostprocessing = 0;
			shellPath = /bin/sh;
			shellScript = "diff \"${PODS_PODFILE_DIR_PATH}/Podfile.lock\" \"${PODS_ROOT}/Manifest.lock\" > /dev/null\nif [ $? != 0 ] ; then\n    # print error to STDERR\n    echo \"error: The sandbox is not in sync with the Podfile.lock. Run 'pod install' or update your CocoaPods installation.\" >&2\n    exit 1\nfi\n# This output is used by Xcode 'outputs' to avoid re-running this script phase.\necho \"SUCCESS\" > \"${SCRIPT_OUTPUT_FILE_0}\"\n";
			showEnvVarsInLog = 0;
		};
/* End PBXShellScriptBuildPhase section */

/* Begin PBXSourcesBuildPhase section */
		DDFDB916235A4D6400271EEE /* Sources */ = {
			isa = PBXSourcesBuildPhase;
			buildActionMask = 2147483647;
			files = (
				DD4BE5E62363A8870023C921 /* MovieDetailsViewController.swift in Sources */,
				DDFDB91E235A4D6400271EEE /* AppDelegate.swift in Sources */,
				DDFDB920235A4D6400271EEE /* SceneDelegate.swift in Sources */,
				DDFDB950235A5A1300271EEE /* MovieCell.swift in Sources */,
				DDFDB94E235A4F3500271EEE /* MoviesViewController.swift in Sources */,
				DD4BE5E82363D9C40023C921 /* MovieGridViewController.swift in Sources */,
				DD4BE5EA2363DC440023C921 /* MovieGridCell.swift in Sources */,
			);
			runOnlyForDeploymentPostprocessing = 0;
		};
		DDFDB92C235A4D6E00271EEE /* Sources */ = {
			isa = PBXSourcesBuildPhase;
			buildActionMask = 2147483647;
			files = (
				DDFDB935235A4D6E00271EEE /* FlixsterTests.swift in Sources */,
			);
			runOnlyForDeploymentPostprocessing = 0;
		};
		DDFDB937235A4D6E00271EEE /* Sources */ = {
			isa = PBXSourcesBuildPhase;
			buildActionMask = 2147483647;
			files = (
				DDFDB940235A4D6E00271EEE /* FlixsterUITests.swift in Sources */,
			);
			runOnlyForDeploymentPostprocessing = 0;
		};
/* End PBXSourcesBuildPhase section */

/* Begin PBXTargetDependency section */
		DDFDB932235A4D6E00271EEE /* PBXTargetDependency */ = {
			isa = PBXTargetDependency;
			target = DDFDB919235A4D6400271EEE /* Flixster */;
			targetProxy = DDFDB931235A4D6E00271EEE /* PBXContainerItemProxy */;
		};
		DDFDB93D235A4D6E00271EEE /* PBXTargetDependency */ = {
			isa = PBXTargetDependency;
			target = DDFDB919235A4D6400271EEE /* Flixster */;
			targetProxy = DDFDB93C235A4D6E00271EEE /* PBXContainerItemProxy */;
		};
/* End PBXTargetDependency section */

/* Begin PBXVariantGroup section */
		DDFDB923235A4D6400271EEE /* Main.storyboard */ = {
			isa = PBXVariantGroup;
			children = (
				DDFDB924235A4D6400271EEE /* Base */,
			);
			name = Main.storyboard;
			sourceTree = "<group>";
		};
		DDFDB928235A4D6E00271EEE /* LaunchScreen.storyboard */ = {
			isa = PBXVariantGroup;
			children = (
				DDFDB929235A4D6E00271EEE /* Base */,
			);
			name = LaunchScreen.storyboard;
			sourceTree = "<group>";
		};
/* End PBXVariantGroup section */

/* Begin XCBuildConfiguration section */
		DDFDB942235A4D6E00271EEE /* Debug */ = {
			isa = XCBuildConfiguration;
			buildSettings = {
				ALWAYS_SEARCH_USER_PATHS = NO;
				CLANG_ANALYZER_NONNULL = YES;
				CLANG_ANALYZER_NUMBER_OBJECT_CONVERSION = YES_AGGRESSIVE;
				CLANG_CXX_LANGUAGE_STANDARD = "gnu++14";
				CLANG_CXX_LIBRARY = "libc++";
				CLANG_ENABLE_MODULES = YES;
				CLANG_ENABLE_OBJC_ARC = YES;
				CLANG_ENABLE_OBJC_WEAK = YES;
				CLANG_WARN_BLOCK_CAPTURE_AUTORELEASING = YES;
				CLANG_WARN_BOOL_CONVERSION = YES;
				CLANG_WARN_COMMA = YES;
				CLANG_WARN_CONSTANT_CONVERSION = YES;
				CLANG_WARN_DEPRECATED_OBJC_IMPLEMENTATIONS = YES;
				CLANG_WARN_DIRECT_OBJC_ISA_USAGE = YES_ERROR;
				CLANG_WARN_DOCUMENTATION_COMMENTS = YES;
				CLANG_WARN_EMPTY_BODY = YES;
				CLANG_WARN_ENUM_CONVERSION = YES;
				CLANG_WARN_INFINITE_RECURSION = YES;
				CLANG_WARN_INT_CONVERSION = YES;
				CLANG_WARN_NON_LITERAL_NULL_CONVERSION = YES;
				CLANG_WARN_OBJC_IMPLICIT_RETAIN_SELF = YES;
				CLANG_WARN_OBJC_LITERAL_CONVERSION = YES;
				CLANG_WARN_OBJC_ROOT_CLASS = YES_ERROR;
				CLANG_WARN_RANGE_LOOP_ANALYSIS = YES;
				CLANG_WARN_STRICT_PROTOTYPES = YES;
				CLANG_WARN_SUSPICIOUS_MOVE = YES;
				CLANG_WARN_UNGUARDED_AVAILABILITY = YES_AGGRESSIVE;
				CLANG_WARN_UNREACHABLE_CODE = YES;
				CLANG_WARN__DUPLICATE_METHOD_MATCH = YES;
				COPY_PHASE_STRIP = NO;
				DEBUG_INFORMATION_FORMAT = dwarf;
				ENABLE_STRICT_OBJC_MSGSEND = YES;
				ENABLE_TESTABILITY = YES;
				GCC_C_LANGUAGE_STANDARD = gnu11;
				GCC_DYNAMIC_NO_PIC = NO;
				GCC_NO_COMMON_BLOCKS = YES;
				GCC_OPTIMIZATION_LEVEL = 0;
				GCC_PREPROCESSOR_DEFINITIONS = (
					"DEBUG=1",
					"$(inherited)",
				);
				GCC_WARN_64_TO_32_BIT_CONVERSION = YES;
				GCC_WARN_ABOUT_RETURN_TYPE = YES_ERROR;
				GCC_WARN_UNDECLARED_SELECTOR = YES;
				GCC_WARN_UNINITIALIZED_AUTOS = YES_AGGRESSIVE;
				GCC_WARN_UNUSED_FUNCTION = YES;
				GCC_WARN_UNUSED_VARIABLE = YES;
				IPHONEOS_DEPLOYMENT_TARGET = 13.1;
				MTL_ENABLE_DEBUG_INFO = INCLUDE_SOURCE;
				MTL_FAST_MATH = YES;
				ONLY_ACTIVE_ARCH = YES;
				SDKROOT = iphoneos;
				SWIFT_ACTIVE_COMPILATION_CONDITIONS = DEBUG;
				SWIFT_OPTIMIZATION_LEVEL = "-Onone";
			};
			name = Debug;
		};
		DDFDB943235A4D6E00271EEE /* Release */ = {
			isa = XCBuildConfiguration;
			buildSettings = {
				ALWAYS_SEARCH_USER_PATHS = NO;
				CLANG_ANALYZER_NONNULL = YES;
				CLANG_ANALYZER_NUMBER_OBJECT_CONVERSION = YES_AGGRESSIVE;
				CLANG_CXX_LANGUAGE_STANDARD = "gnu++14";
				CLANG_CXX_LIBRARY = "libc++";
				CLANG_ENABLE_MODULES = YES;
				CLANG_ENABLE_OBJC_ARC = YES;
				CLANG_ENABLE_OBJC_WEAK = YES;
				CLANG_WARN_BLOCK_CAPTURE_AUTORELEASING = YES;
				CLANG_WARN_BOOL_CONVERSION = YES;
				CLANG_WARN_COMMA = YES;
				CLANG_WARN_CONSTANT_CONVERSION = YES;
				CLANG_WARN_DEPRECATED_OBJC_IMPLEMENTATIONS = YES;
				CLANG_WARN_DIRECT_OBJC_ISA_USAGE = YES_ERROR;
				CLANG_WARN_DOCUMENTATION_COMMENTS = YES;
				CLANG_WARN_EMPTY_BODY = YES;
				CLANG_WARN_ENUM_CONVERSION = YES;
				CLANG_WARN_INFINITE_RECURSION = YES;
				CLANG_WARN_INT_CONVERSION = YES;
				CLANG_WARN_NON_LITERAL_NULL_CONVERSION = YES;
				CLANG_WARN_OBJC_IMPLICIT_RETAIN_SELF = YES;
				CLANG_WARN_OBJC_LITERAL_CONVERSION = YES;
				CLANG_WARN_OBJC_ROOT_CLASS = YES_ERROR;
				CLANG_WARN_RANGE_LOOP_ANALYSIS = YES;
				CLANG_WARN_STRICT_PROTOTYPES = YES;
				CLANG_WARN_SUSPICIOUS_MOVE = YES;
				CLANG_WARN_UNGUARDED_AVAILABILITY = YES_AGGRESSIVE;
				CLANG_WARN_UNREACHABLE_CODE = YES;
				CLANG_WARN__DUPLICATE_METHOD_MATCH = YES;
				COPY_PHASE_STRIP = NO;
				DEBUG_INFORMATION_FORMAT = "dwarf-with-dsym";
				ENABLE_NS_ASSERTIONS = NO;
				ENABLE_STRICT_OBJC_MSGSEND = YES;
				GCC_C_LANGUAGE_STANDARD = gnu11;
				GCC_NO_COMMON_BLOCKS = YES;
				GCC_WARN_64_TO_32_BIT_CONVERSION = YES;
				GCC_WARN_ABOUT_RETURN_TYPE = YES_ERROR;
				GCC_WARN_UNDECLARED_SELECTOR = YES;
				GCC_WARN_UNINITIALIZED_AUTOS = YES_AGGRESSIVE;
				GCC_WARN_UNUSED_FUNCTION = YES;
				GCC_WARN_UNUSED_VARIABLE = YES;
				IPHONEOS_DEPLOYMENT_TARGET = 13.1;
				MTL_ENABLE_DEBUG_INFO = NO;
				MTL_FAST_MATH = YES;
				SDKROOT = iphoneos;
				SWIFT_COMPILATION_MODE = wholemodule;
				SWIFT_OPTIMIZATION_LEVEL = "-O";
				VALIDATE_PRODUCT = YES;
			};
			name = Release;
		};
		DDFDB945235A4D6E00271EEE /* Debug */ = {
			isa = XCBuildConfiguration;
			baseConfigurationReference = 1122DB667BED436D8F166D9A /* Pods-Flixster.debug.xcconfig */;
			buildSettings = {
				ASSETCATALOG_COMPILER_APPICON_NAME = AppIcon;
				CODE_SIGN_STYLE = Automatic;
				INFOPLIST_FILE = Flixster/Info.plist;
				LD_RUNPATH_SEARCH_PATHS = (
					"$(inherited)",
					"@executable_path/Frameworks",
				);
				PRODUCT_BUNDLE_IDENTIFIER = Jasmin.Flixster;
				PRODUCT_NAME = "$(TARGET_NAME)";
				SWIFT_VERSION = 5.0;
				TARGETED_DEVICE_FAMILY = "1,2";
			};
			name = Debug;
		};
		DDFDB946235A4D6E00271EEE /* Release */ = {
			isa = XCBuildConfiguration;
			baseConfigurationReference = 3E823FDA1C5C45BB42CE6E44 /* Pods-Flixster.release.xcconfig */;
			buildSettings = {
				ASSETCATALOG_COMPILER_APPICON_NAME = AppIcon;
				CODE_SIGN_STYLE = Automatic;
				INFOPLIST_FILE = Flixster/Info.plist;
				LD_RUNPATH_SEARCH_PATHS = (
					"$(inherited)",
					"@executable_path/Frameworks",
				);
				PRODUCT_BUNDLE_IDENTIFIER = Jasmin.Flixster;
				PRODUCT_NAME = "$(TARGET_NAME)";
				SWIFT_VERSION = 5.0;
				TARGETED_DEVICE_FAMILY = "1,2";
			};
			name = Release;
		};
		DDFDB948235A4D6E00271EEE /* Debug */ = {
			isa = XCBuildConfiguration;
			baseConfigurationReference = B63F96606FFAC191EBE62DF6 /* Pods-FlixsterTests.debug.xcconfig */;
			buildSettings = {
				ALWAYS_EMBED_SWIFT_STANDARD_LIBRARIES = YES;
				BUNDLE_LOADER = "$(TEST_HOST)";
				CODE_SIGN_STYLE = Automatic;
				INFOPLIST_FILE = FlixsterTests/Info.plist;
				IPHONEOS_DEPLOYMENT_TARGET = 13.1;
				LD_RUNPATH_SEARCH_PATHS = (
					"$(inherited)",
					"@executable_path/Frameworks",
					"@loader_path/Frameworks",
				);
				PRODUCT_BUNDLE_IDENTIFIER = Jasmin.FlixsterTests;
				PRODUCT_NAME = "$(TARGET_NAME)";
				SWIFT_VERSION = 5.0;
				TARGETED_DEVICE_FAMILY = "1,2";
				TEST_HOST = "$(BUILT_PRODUCTS_DIR)/Flixster.app/Flixster";
			};
			name = Debug;
		};
		DDFDB949235A4D6E00271EEE /* Release */ = {
			isa = XCBuildConfiguration;
			baseConfigurationReference = 9536B50A0C334BB83B1A84BB /* Pods-FlixsterTests.release.xcconfig */;
			buildSettings = {
				ALWAYS_EMBED_SWIFT_STANDARD_LIBRARIES = YES;
				BUNDLE_LOADER = "$(TEST_HOST)";
				CODE_SIGN_STYLE = Automatic;
				INFOPLIST_FILE = FlixsterTests/Info.plist;
				IPHONEOS_DEPLOYMENT_TARGET = 13.1;
				LD_RUNPATH_SEARCH_PATHS = (
					"$(inherited)",
					"@executable_path/Frameworks",
					"@loader_path/Frameworks",
				);
				PRODUCT_BUNDLE_IDENTIFIER = Jasmin.FlixsterTests;
				PRODUCT_NAME = "$(TARGET_NAME)";
				SWIFT_VERSION = 5.0;
				TARGETED_DEVICE_FAMILY = "1,2";
				TEST_HOST = "$(BUILT_PRODUCTS_DIR)/Flixster.app/Flixster";
			};
			name = Release;
		};
		DDFDB94B235A4D6E00271EEE /* Debug */ = {
			isa = XCBuildConfiguration;
			baseConfigurationReference = 2754E6FADB17FF1404F24CF0 /* Pods-Flixster-FlixsterUITests.debug.xcconfig */;
			buildSettings = {
				ALWAYS_EMBED_SWIFT_STANDARD_LIBRARIES = YES;
				CODE_SIGN_STYLE = Automatic;
				INFOPLIST_FILE = FlixsterUITests/Info.plist;
				LD_RUNPATH_SEARCH_PATHS = (
					"$(inherited)",
					"@executable_path/Frameworks",
					"@loader_path/Frameworks",
				);
				PRODUCT_BUNDLE_IDENTIFIER = Jasmin.FlixsterUITests;
				PRODUCT_NAME = "$(TARGET_NAME)";
				SWIFT_VERSION = 5.0;
				TARGETED_DEVICE_FAMILY = "1,2";
				TEST_TARGET_NAME = Flixster;
			};
			name = Debug;
		};
		DDFDB94C235A4D6E00271EEE /* Release */ = {
			isa = XCBuildConfiguration;
			baseConfigurationReference = 111AC7F745A89A779238F3D8 /* Pods-Flixster-FlixsterUITests.release.xcconfig */;
			buildSettings = {
				ALWAYS_EMBED_SWIFT_STANDARD_LIBRARIES = YES;
				CODE_SIGN_STYLE = Automatic;
				INFOPLIST_FILE = FlixsterUITests/Info.plist;
				LD_RUNPATH_SEARCH_PATHS = (
					"$(inherited)",
					"@executable_path/Frameworks",
					"@loader_path/Frameworks",
				);
				PRODUCT_BUNDLE_IDENTIFIER = Jasmin.FlixsterUITests;
				PRODUCT_NAME = "$(TARGET_NAME)";
				SWIFT_VERSION = 5.0;
				TARGETED_DEVICE_FAMILY = "1,2";
				TEST_TARGET_NAME = Flixster;
			};
			name = Release;
		};
/* End XCBuildConfiguration section */

/* Begin XCConfigurationList section */
		DDFDB915235A4D6400271EEE /* Build configuration list for PBXProject "Flixster" */ = {
			isa = XCConfigurationList;
			buildConfigurations = (
				DDFDB942235A4D6E00271EEE /* Debug */,
				DDFDB943235A4D6E00271EEE /* Release */,
			);
			defaultConfigurationIsVisible = 0;
			defaultConfigurationName = Release;
		};
		DDFDB944235A4D6E00271EEE /* Build configuration list for PBXNativeTarget "Flixster" */ = {
			isa = XCConfigurationList;
			buildConfigurations = (
				DDFDB945235A4D6E00271EEE /* Debug */,
				DDFDB946235A4D6E00271EEE /* Release */,
			);
			defaultConfigurationIsVisible = 0;
			defaultConfigurationName = Release;
		};
		DDFDB947235A4D6E00271EEE /* Build configuration list for PBXNativeTarget "FlixsterTests" */ = {
			isa = XCConfigurationList;
			buildConfigurations = (
				DDFDB948235A4D6E00271EEE /* Debug */,
				DDFDB949235A4D6E00271EEE /* Release */,
			);
			defaultConfigurationIsVisible = 0;
			defaultConfigurationName = Release;
		};
		DDFDB94A235A4D6E00271EEE /* Build configuration list for PBXNativeTarget "FlixsterUITests" */ = {
			isa = XCConfigurationList;
			buildConfigurations = (
				DDFDB94B235A4D6E00271EEE /* Debug */,
				DDFDB94C235A4D6E00271EEE /* Release */,
			);
			defaultConfigurationIsVisible = 0;
			defaultConfigurationName = Release;
		};
/* End XCConfigurationList section */
	};
	rootObject = DDFDB912235A4D6400271EEE /* Project object */;
}
